
Microsoft Visual Studio Solution File, Format Version 12.00
# Visual Studio Version 17
VisualStudioVersion = 17.14.36518.9 d17.14
MinimumVisualStudioVersion = 10.0.40219.1
Project("{FAE04EC0-301F-11D3-BF4B-00C04F79EFBC}") = "desafioKogui", "desafioKogui\desafioKogui.csproj", "{C9F669D8-DEE1-4EC2-8A94-1D0FEE37864B}"
EndProject
Global
	GlobalSection(SolutionConfigurationPlatforms) = preSolution
		Debug|Any CPU = Debug|Any CPU
		Release|Any CPU = Release|Any CPU
	EndGlobalSection
	GlobalSection(ProjectConfigurationPlatforms) = postSolution
		{C9F669D8-DEE1-4EC2-8A94-1D0FEE37864B}.Debug|Any CPU.ActiveCfg = Debug|Any CPU
		{C9F669D8-DEE1-4EC2-8A94-1D0FEE37864B}.Debug|Any CPU.Build.0 = Debug|Any CPU
		{C9F669D8-DEE1-4EC2-8A94-1D0FEE37864B}.Debug|Any CPU.Deploy.0 = Debug|Any CPU
		{C9F669D8-DEE1-4EC2-8A94-1D0FEE37864B}.Release|Any CPU.ActiveCfg = Release|Any CPU
		{C9F669D8-DEE1-4EC2-8A94-1D0FEE37864B}.Release|Any CPU.Build.0 = Release|Any CPU
		{C9F669D8-DEE1-4EC2-8A94-1D0FEE37864B}.Release|Any CPU.Deploy.0 = Release|Any CPU
	EndGlobalSection
	GlobalSection(SolutionProperties) = preSolution
		HideSolutionNode = FALSE
	EndGlobalSection
	GlobalSection(ExtensibilityGlobals) = postSolution
		SolutionGuid = {8428D7D5-C107-4505-9BC8-4B6B851089BE}
	EndGlobalSection
EndGlobal
